repositories:
  dexavatar:
    path: ..
    commit: 8401491c9eb4dea8db8a228187d867b23ceee159
  nlf:
    path: ../nlf
    commit: f8611fc76ff60f262eb0ab2c6abc3947e42a954a
  wilor:
    path: ../WiLoR
    commit: fcb911312a38fa8badd30d9656a167485d61b8f9
  hamer:
    path: ../hamer
    commit: 8401491c9eb4dea8db8a228187d867b23ceee159
  sapiens_v1_reference:
    path: ../sapiens
    commit: 3d257ba459b50a5f4f5f79a637c78eb39052f876
checkpoints:
  author_smplx_neutral:
    path: ../data/evaluation_from_author/data/data/SMPLX_NEUTRAL.npz
    sha256: 376021446ddc86e99acacd795182bbef903e61d33b76b9d8b359c2b0865bd992
  author_evaluator:
    path: ../data/evaluation_from_author/evaluate_new_fitting.py
    sha256: 2722b5cd30d4baba23599a455cab483b143e6595d292f02de9643af4eebd5300
  nlf_l_crop_0_3_2:
    path: ../checkpoints/nlf/nlf_l_crop_0.3.2.pt
    sha256: d282c9c3bcdff2014b992588b4686d8c5ee1d37df0dd5c9ad6b29f21df3de25c
  nlf_l_multi_0_3_2:
    path: ../checkpoints/nlf/nlf_l_multi_0.3.2.torchscript
    sha256: 52bee28edb6ea9148691331df87cfc238d7e3d9134dc60104a5aaed282a9ddad
  sapiens_1b_goliath_pose_torchscript:
    path: ../sapiens/sapiens_lite_host/torchscript/pose/checkpoints/sapiens_1b/sapiens_1b_goliath_best_goliath_AP_639_torchscript.pt2
    sha256: d1077c15e66fb2798893e569f71cb063f0b0778af2a62e3c0233807a351c31f3
  wilor_final:
    path: ../WiLoR/pretrained_models/wilor_final.ckpt
    sha256: 3e97aafc7dd08d883a4cc5a027df61fdb6fda6136dbd1319405413862ada6bb2
  hamer_checkpoint:
    path: ../hamer/_DATA/hamer_ckpts/checkpoints/hamer.ckpt
    sha256: e5cc06f294d88a92dee24e603480aab04de532b49f0e08200804ee7d90e16f53
  vitpose_wholebody_huge:
    path: ../hamer/_DATA/vitpose_ckpts/vitpose+_huge/wholebody.pth
    sha256: b0555e1e2392e6a2be2d9265368f344d70ccbfd656ad480aa5c1de2e604519c9
